
Microsoft Visual Studio Solution File, Format Version 12.00
# Visual Studio Version 17
VisualStudioVersion = 17.6.33829.357
MinimumVisualStudioVersion = 10.0.40219.1
Project("{8BC9CEB8-8B4A-11D0-8D11-00A0C91BC942}") = "01_链表", "01_链表\01_链表.vcxproj", "{6E168D89-698A-41F5-A5F0-2B02620D28BF}"
EndProject
Project("{8BC9CEB8-8B4A-11D0-8D11-00A0C91BC942}") = "02_函数指针", "02_函数指针\02_函数指针.vcxproj", "{999BCE83-2E61-4438-AA18-B992D25728FA}"
EndProject
Project("{8BC9CEB8-8B4A-11D0-8D11-00A0C91BC942}") = "03_数据结构之链表", "03_数据结构\03_数据结构.vcxproj", "{10DBCC86-CC93-499E-8D50-BC1FCBF0CE90}"
EndProject
Global
	GlobalSection(SolutionConfigurationPlatforms) = preSolution
		Debug|x64 = Debug|x64
		Debug|x86 = Debug|x86
		Release|x64 = Release|x64
		Release|x86 = Release|x86
	EndGlobalSection
	GlobalSection(ProjectConfigurationPlatforms) = postSolution
		{6E168D89-698A-41F5-A5F0-2B02620D28BF}.Debug|x64.ActiveCfg = Debug|x64
		{6E168D89-698A-41F5-A5F0-2B02620D28BF}.Debug|x64.Build.0 = Debug|x64
		{6E168D89-698A-41F5-A5F0-2B02620D28BF}.Debug|x86.ActiveCfg = Debug|Win32
		{6E168D89-698A-41F5-A5F0-2B02620D28BF}.Debug|x86.Build.0 = Debug|Win32
		{6E168D89-698A-41F5-A5F0-2B02620D28BF}.Release|x64.ActiveCfg = Release|x64
		{6E168D89-698A-41F5-A5F0-2B02620D28BF}.Release|x64.Build.0 = Release|x64
		{6E168D89-698A-41F5-A5F0-2B02620D28BF}.Release|x86.ActiveCfg = Release|Win32
		{6E168D89-698A-41F5-A5F0-2B02620D28BF}.Release|x86.Build.0 = Release|Win32
		{999BCE83-2E61-4438-AA18-B992D25728FA}.Debug|x64.ActiveCfg = Debug|x64
		{999BCE83-2E61-4438-AA18-B992D25728FA}.Debug|x64.Build.0 = Debug|x64
		{999BCE83-2E61-4438-AA18-B992D25728FA}.Debug|x86.ActiveCfg = Debug|Win32
		{999BCE83-2E61-4438-AA18-B992D25728FA}.Debug|x86.Build.0 = Debug|Win32
		{999BCE83-2E61-4438-AA18-B992D25728FA}.Release|x64.ActiveCfg = Release|x64
		{999BCE83-2E61-4438-AA18-B992D25728FA}.Release|x64.Build.0 = Release|x64
		{999BCE83-2E61-4438-AA18-B992D25728FA}.Release|x86.ActiveCfg = Release|Win32
		{999BCE83-2E61-4438-AA18-B992D25728FA}.Release|x86.Build.0 = Release|Win32
		{10DBCC86-CC93-499E-8D50-BC1FCBF0CE90}.Debug|x64.ActiveCfg = Debug|x64
		{10DBCC86-CC93-499E-8D50-BC1FCBF0CE90}.Debug|x64.Build.0 = Debug|x64
		{10DBCC86-CC93-499E-8D50-BC1FCBF0CE90}.Debug|x86.ActiveCfg = Debug|Win32
		{10DBCC86-CC93-499E-8D50-BC1FCBF0CE90}.Debug|x86.Build.0 = Debug|Win32
		{10DBCC86-CC93-499E-8D50-BC1FCBF0CE90}.Release|x64.ActiveCfg = Release|x64
		{10DBCC86-CC93-499E-8D50-BC1FCBF0CE90}.Release|x64.Build.0 = Release|x64
		{10DBCC86-CC93-499E-8D50-BC1FCBF0CE90}.Release|x86.ActiveCfg = Release|Win32
		{10DBCC86-CC93-499E-8D50-BC1FCBF0CE90}.Release|x86.Build.0 = Release|Win32
	EndGlobalSection
	GlobalSection(SolutionProperties) = preSolution
		HideSolutionNode = FALSE
	EndGlobalSection
	GlobalSection(ExtensibilityGlobals) = postSolution
		SolutionGuid = {FA8BB1B7-F2C7-4BCD-AC71-ECF199BE77DA}
	EndGlobalSection
EndGlobal
